
Microsoft Visual Studio Solution File, Format Version 12.00
# Visual Studio Version 16
VisualStudioVersion = 16.0.30804.86
MinimumVisualStudioVersion = 10.0.40219.1
Project("{FAE04EC0-301F-11D3-BF4B-00C04F79EFBC}") = "Faberge.Web", "Faberge.Web\Faberge.Web.csproj", "{119157E4-A862-4E3C-95FC-F950298669A4}"
EndProject
Project("{FAE04EC0-301F-11D3-BF4B-00C04F79EFBC}") = "Faberge.DAL", "Faberge.DAL\Faberge.DAL.csproj", "{18B0572A-7F2E-4236-9614-5493E291ED78}"
EndProject
Project("{FAE04EC0-301F-11D3-BF4B-00C04F79EFBC}") = "Faberge.BL", "Faberge.BL\Faberge.BL.csproj", "{38CB20CB-ABB2-43E0-91BE-BEE62B7D4BEF}"
EndProject
Global
	GlobalSection(SolutionConfigurationPlatforms) = preSolution
		Debug|Any CPU = Debug|Any CPU
		Release|Any CPU = Release|Any CPU
	EndGlobalSection
	GlobalSection(ProjectConfigurationPlatforms) = postSolution
		{119157E4-A862-4E3C-95FC-F950298669A4}.Debug|Any CPU.ActiveCfg = Debug|Any CPU
		{119157E4-A862-4E3C-95FC-F950298669A4}.Debug|Any CPU.Build.0 = Debug|Any CPU
		{119157E4-A862-4E3C-95FC-F950298669A4}.Release|Any CPU.ActiveCfg = Release|Any CPU
		{119157E4-A862-4E3C-95FC-F950298669A4}.Release|Any CPU.Build.0 = Release|Any CPU
		{18B0572A-7F2E-4236-9614-5493E291ED78}.Debug|Any CPU.ActiveCfg = Debug|Any CPU
		{18B0572A-7F2E-4236-9614-5493E291ED78}.Debug|Any CPU.Build.0 = Debug|Any CPU
		{18B0572A-7F2E-4236-9614-5493E291ED78}.Release|Any CPU.ActiveCfg = Release|Any CPU
		{18B0572A-7F2E-4236-9614-5493E291ED78}.Release|Any CPU.Build.0 = Release|Any CPU
		{38CB20CB-ABB2-43E0-91BE-BEE62B7D4BEF}.Debug|Any CPU.ActiveCfg = Debug|Any CPU
		{38CB20CB-ABB2-43E0-91BE-BEE62B7D4BEF}.Debug|Any CPU.Build.0 = Debug|Any CPU
		{38CB20CB-ABB2-43E0-91BE-BEE62B7D4BEF}.Release|Any CPU.ActiveCfg = Release|Any CPU
		{38CB20CB-ABB2-43E0-91BE-BEE62B7D4BEF}.Release|Any CPU.Build.0 = Release|Any CPU
	EndGlobalSection
	GlobalSection(SolutionProperties) = preSolution
		HideSolutionNode = FALSE
	EndGlobalSection
	GlobalSection(ExtensibilityGlobals) = postSolution
		SolutionGuid = {B4D9832D-73B1-4C88-B68B-67961B193820}
	EndGlobalSection
EndGlobal
